
Microsoft Visual Studio Solution File, Format Version 12.00
# Visual Studio 14
VisualStudioVersion = 14.0.25420.1
MinimumVisualStudioVersion = 10.0.40219.1
Project("{FAE04EC0-301F-11D3-BF4B-00C04F79EFBC}") = "Abc.Zerio.Server", "Abc.Zerio.Server\Abc.Zerio.Server.csproj", "{A66DA900-ADA7-48CB-8F42-9C089C8827F7}"
EndProject
Project("{FAE04EC0-301F-11D3-BF4B-00C04F79EFBC}") = "Abc.Zerio", "Abc.Zerio\Abc.Zerio.csproj", "{0A90E740-3362-468F-9C8B-BF3E0AA8F26E}"
EndProject
Project("{FAE04EC0-301F-11D3-BF4B-00C04F79EFBC}") = "Abc.Zerio.Client", "Abc.Zerio.Client\Abc.Zerio.Client.csproj", "{72AC4D8E-0507-461B-8821-4DB763B891AE}"
EndProject
Project("{FAE04EC0-301F-11D3-BF4B-00C04F79EFBC}") = "Abc.Zerio.Tests", "Abc.Zerio.Tests\Abc.Zerio.Tests.csproj", "{399EA0AE-EC6A-4705-878A-18A5F2DA84C4}"
EndProject
Project("{2150E333-8FDC-42A3-9474-1A3956D46DE8}") = "Misc", "Misc", "{0B025F4D-53C5-4ED4-9727-476CD397CFA1}"
	ProjectSection(SolutionItems) = preProject
		LICENSE = LICENSE
		README.md = README.md
		SharedVersionInfo.cs = SharedVersionInfo.cs
	EndProjectSection
EndProject
Global
	GlobalSection(SolutionConfigurationPlatforms) = preSolution
		Debug|Any CPU = Debug|Any CPU
		Release|Any CPU = Release|Any CPU
	EndGlobalSection
	GlobalSection(ProjectConfigurationPlatforms) = postSolution
		{A66DA900-ADA7-48CB-8F42-9C089C8827F7}.Debug|Any CPU.ActiveCfg = Debug|Any CPU
		{A66DA900-ADA7-48CB-8F42-9C089C8827F7}.Debug|Any CPU.Build.0 = Debug|Any CPU
		{A66DA900-ADA7-48CB-8F42-9C089C8827F7}.Release|Any CPU.ActiveCfg = Release|Any CPU
		{A66DA900-ADA7-48CB-8F42-9C089C8827F7}.Release|Any CPU.Build.0 = Release|Any CPU
		{0A90E740-3362-468F-9C8B-BF3E0AA8F26E}.Debug|Any CPU.ActiveCfg = Debug|Any CPU
		{0A90E740-3362-468F-9C8B-BF3E0AA8F26E}.Debug|Any CPU.Build.0 = Debug|Any CPU
		{0A90E740-3362-468F-9C8B-BF3E0AA8F26E}.Release|Any CPU.ActiveCfg = Release|Any CPU
		{0A90E740-3362-468F-9C8B-BF3E0AA8F26E}.Release|Any CPU.Build.0 = Release|Any CPU
		{72AC4D8E-0507-461B-8821-4DB763B891AE}.Debug|Any CPU.ActiveCfg = Debug|Any CPU
		{72AC4D8E-0507-461B-8821-4DB763B891AE}.Debug|Any CPU.Build.0 = Debug|Any CPU
		{72AC4D8E-0507-461B-8821-4DB763B891AE}.Release|Any CPU.ActiveCfg = Release|Any CPU
		{72AC4D8E-0507-461B-8821-4DB763B891AE}.Release|Any CPU.Build.0 = Release|Any CPU
		{399EA0AE-EC6A-4705-878A-18A5F2DA84C4}.Debug|Any CPU.ActiveCfg = Debug|Any CPU
		{399EA0AE-EC6A-4705-878A-18A5F2DA84C4}.Debug|Any CPU.Build.0 = Debug|Any CPU
		{399EA0AE-EC6A-4705-878A-18A5F2DA84C4}.Release|Any CPU.ActiveCfg = Release|Any CPU
		{399EA0AE-EC6A-4705-878A-18A5F2DA84C4}.Release|Any CPU.Build.0 = Release|Any CPU
	EndGlobalSection
	GlobalSection(SolutionProperties) = preSolution
		HideSolutionNode = FALSE
	EndGlobalSection
EndGlobal
